
Microsoft Visual Studio Solution File, Format Version 12.00
# Visual Studio Version 16
VisualStudioVersion = 16.0.31624.102
MinimumVisualStudioVersion = 10.0.40219.1
Project("{FAE04EC0-301F-11D3-BF4B-00C04F79EFBC}") = "OOP_task2", "OOP_task2\OOP_task2.csproj", "{BEA4E286-9D70-445F-97AD-3FF06CDA49DF}"
EndProject
Global
	GlobalSection(SolutionConfigurationPlatforms) = preSolution
		Debug|Any CPU = Debug|Any CPU
		Release|Any CPU = Release|Any CPU
	EndGlobalSection
	GlobalSection(ProjectConfigurationPlatforms) = postSolution
		{BEA4E286-9D70-445F-97AD-3FF06CDA49DF}.Debug|Any CPU.ActiveCfg = Debug|Any CPU
		{BEA4E286-9D70-445F-97AD-3FF06CDA49DF}.Debug|Any CPU.Build.0 = Debug|Any CPU
		{BEA4E286-9D70-445F-97AD-3FF06CDA49DF}.Release|Any CPU.ActiveCfg = Release|Any CPU
		{BEA4E286-9D70-445F-97AD-3FF06CDA49DF}.Release|Any CPU.Build.0 = Release|Any CPU
	EndGlobalSection
	GlobalSection(SolutionProperties) = preSolution
		HideSolutionNode = FALSE
	EndGlobalSection
	GlobalSection(ExtensibilityGlobals) = postSolution
		SolutionGuid = {026BF459-5988-48D4-98A2-B5CEC83D2BF9}
	EndGlobalSection
EndGlobal
